
Microsoft Visual Studio Solution File, Format Version 12.00
# Visual Studio Version 16
VisualStudioVersion = 16.0.32228.343
MinimumVisualStudioVersion = 10.0.40219.1
Project("{FAE04EC0-301F-11D3-BF4B-00C04F79EFBC}") = "DemowebApplication", "DemowebApplication.csproj", "{483055DA-AA3D-4EDB-93F9-E71980B22EBA}"
EndProject
Global
	GlobalSection(SolutionConfigurationPlatforms) = preSolution
		Debug|Any CPU = Debug|Any CPU
		Release|Any CPU = Release|Any CPU
	EndGlobalSection
	GlobalSection(ProjectConfigurationPlatforms) = postSolution
		{483055DA-AA3D-4EDB-93F9-E71980B22EBA}.Debug|Any CPU.ActiveCfg = Debug|Any CPU
		{483055DA-AA3D-4EDB-93F9-E71980B22EBA}.Debug|Any CPU.Build.0 = Debug|Any CPU
		{483055DA-AA3D-4EDB-93F9-E71980B22EBA}.Release|Any CPU.ActiveCfg = Release|Any CPU
		{483055DA-AA3D-4EDB-93F9-E71980B22EBA}.Release|Any CPU.Build.0 = Release|Any CPU
	EndGlobalSection
	GlobalSection(SolutionProperties) = preSolution
		HideSolutionNode = FALSE
	EndGlobalSection
	GlobalSection(ExtensibilityGlobals) = postSolution
		SolutionGuid = {3992CAD1-919A-4397-AF13-A7627C227773}
	EndGlobalSection
EndGlobal
